// !$*UTF8*$!
{
	archiveVersion = 1;
	classes = {
	};
	objectVersion = 50;
	objects = {

/* Begin PBXBuildFile section */
		707280042584C30A008897DC /* AppDelegate.swift in Sources */ = {isa = PBXBuildFile; fileRef = 707280032584C30A008897DC /* AppDelegate.swift */; };
		707280062584C30A008897DC /* SceneDelegate.swift in Sources */ = {isa = PBXBuildFile; fileRef = 707280052584C30A008897DC /* SceneDelegate.swift */; };
		707280082584C30A008897DC /* ViewController.swift in Sources */ = {isa = PBXBuildFile; fileRef = 707280072584C30A008897DC /* ViewController.swift */; };
		7072800B2584C30A008897DC /* Main.storyboard in Resources */ = {isa = PBXBuildFile; fileRef = 707280092584C30A008897DC /* Main.storyboard */; };
		7072800E2584C30A008897DC /* Tipsy.xcdatamodeld in Sources */ = {isa = PBXBuildFile; fileRef = 7072800C2584C30A008897DC /* Tipsy.xcdatamodeld */; };
		707280102584C30A008897DC /* Assets.xcassets in Resources */ = {isa = PBXBuildFile; fileRef = 7072800F2584C30A008897DC /* Assets.xcassets */; };
		707280132584C30A008897DC /* LaunchScreen.storyboard in Resources */ = {isa = PBXBuildFile; fileRef = 707280112584C30A008897DC /* LaunchScreen.storyboard */; };
		7072801E2584C30B008897DC /* TipsyTests.swift in Sources */ = {isa = PBXBuildFile; fileRef = 7072801D2584C30B008897DC /* TipsyTests.swift */; };
		707280292584C30B008897DC /* TipsyUITests.swift in Sources */ = {isa = PBXBuildFile; fileRef = 707280282584C30B008897DC /* TipsyUITests.swift */; };
/* End PBXBuildFile section */

/* Begin PBXContainerItemProxy section */
		7072801A2584C30B008897DC /* PBXContainerItemProxy */ = {
			isa = PBXContainerItemProxy;
			containerPortal = 70727FF82584C30A008897DC /* Project object */;
			proxyType = 1;
			remoteGlobalIDString = 70727FFF2584C30A008897DC;
			remoteInfo = Tipsy;
		};
		707280252584C30B008897DC /* PBXContainerItemProxy */ = {
			isa = PBXContainerItemProxy;
			containerPortal = 70727FF82584C30A008897DC /* Project object */;
			proxyType = 1;
			remoteGlobalIDString = 70727FFF2584C30A008897DC;
			remoteInfo = Tipsy;
		};
/* End PBXContainerItemProxy section */

/* Begin PBXFileReference section */
		707280002584C30A008897DC /* Tipsy.app */ = {isa = PBXFileReference; explicitFileType = wrapper.application; includeInIndex = 0; path = Tipsy.app; sourceTree = BUILT_PRODUCTS_DIR; };
		707280032584C30A008897DC /* AppDelegate.swift */ = {isa = PBXFileReference; lastKnownFileType = sourcecode.swift; path = AppDelegate.swift; sourceTree = "<group>"; };
		707280052584C30A008897DC /* SceneDelegate.swift */ = {isa = PBXFileReference; lastKnownFileType = sourcecode.swift; path = SceneDelegate.swift; sourceTree = "<group>"; };
		707280072584C30A008897DC /* ViewController.swift */ = {isa = PBXFileReference; lastKnownFileType = sourcecode.swift; path = ViewController.swift; sourceTree = "<group>"; };
		7072800A2584C30A008897DC /* Base */ = {isa = PBXFileReference; lastKnownFileType = file.storyboard; name = Base; path = Base.lproj/Main.storyboard; sourceTree = "<group>"; };
		7072800D2584C30A008897DC /* Tipsy.xcdatamodel */ = {isa = PBXFileReference; lastKnownFileType = wrapper.xcdatamodel; path = Tipsy.xcdatamodel; sourceTree = "<group>"; };
		7072800F2584C30A008897DC /* Assets.xcassets */ = {isa = PBXFileReference; lastKnownFileType = folder.assetcatalog; path = Assets.xcassets; sourceTree = "<group>"; };
		707280122584C30A008897DC /* Base */ = {isa = PBXFileReference; lastKnownFileType = file.storyboard; name = Base; path = Base.lproj/LaunchScreen.storyboard; sourceTree = "<group>"; };
		707280142584C30A008897DC /* Info.plist */ = {isa = PBXFileReference; lastKnownFileType = text.plist.xml; path = Info.plist; sourceTree = "<group>"; };
		707280192584C30B008897DC /* TipsyTests.xctest */ = {isa = PBXFileReference; explicitFileType = wrapper.cfbundle; includeInIndex = 0; path = TipsyTests.xctest; sourceTree = BUILT_PRODUCTS_DIR; };
		7072801D2584C30B008897DC /* TipsyTests.swift */ = {isa = PBXFileReference; lastKnownFileType = sourcecode.swift; path = TipsyTests.swift; sourceTree = "<group>"; };
		7072801F2584C30B008897DC /* Info.plist */ = {isa = PBXFileReference; lastKnownFileType = text.plist.xml; path = Info.plist; sourceTree = "<group>"; };
		707280242584C30B008897DC /* TipsyUITests.xctest */ = {isa = PBXFileReference; explicitFileType = wrapper.cfbundle; includeInIndex = 0; path = TipsyUITests.xctest; sourceTree = BUILT_PRODUCTS_DIR; };
		707280282584C30B008897DC /* TipsyUITests.swift */ = {isa = PBXFileReference; lastKnownFileType = sourcecode.swift; path = TipsyUITests.swift; sourceTree = "<group>"; };
		7072802A2584C30B008897DC /* Info.plist */ = {isa = PBXFileReference; lastKnownFileType = text.plist.xml; path = Info.plist; sourceTree = "<group>"; };
/* End PBXFileReference section */

/* Begin PBXFrameworksBuildPhase section */
		70727FFD2584C30A008897DC /* Frameworks */ = {
			isa = PBXFrameworksBuildPhase;
			buildActionMask = 2147483647;
			files = (
			);
			runOnlyForDeploymentPostprocessing = 0;
		};
		707280162584C30B008897DC /* Frameworks */ = {
			isa = PBXFrameworksBuildPhase;
			buildActionMask = 2147483647;
			files = (
			);
			runOnlyForDeploymentPostprocessing = 0;
		};
		707280212584C30B008897DC /* Frameworks */ = {
			isa = PBXFrameworksBuildPhase;
			buildActionMask = 2147483647;
			files = (
			);
			runOnlyForDeploymentPostprocessing = 0;
		};
/* End PBXFrameworksBuildPhase section */

/* Begin PBXGroup section */
		70727FF72584C30A008897DC = {
			isa = PBXGroup;
			children = (
				707280022584C30A008897DC /* Tipsy */,
				7072801C2584C30B008897DC /* TipsyTests */,
				707280272584C30B008897DC /* TipsyUITests */,
				707280012584C30A008897DC /* Products */,
			);
			sourceTree = "<group>";
		};
		707280012584C30A008897DC /* Products */ = {
			isa = PBXGroup;
			children = (
				707280002584C30A008897DC /* Tipsy.app */,
				707280192584C30B008897DC /* TipsyTests.xctest */,
				707280242584C30B008897DC /* TipsyUITests.xctest */,
			);
			name = Products;
			sourceTree = "<group>";
		};
		707280022584C30A008897DC /* Tipsy */ = {
			isa = PBXGroup;
			children = (
				707280032584C30A008897DC /* AppDelegate.swift */,
				707280052584C30A008897DC /* SceneDelegate.swift */,
				707280072584C30A008897DC /* ViewController.swift */,
				707280092584C30A008897DC /* Main.storyboard */,
				7072800F2584C30A008897DC /* Assets.xcassets */,
				707280112584C30A008897DC /* LaunchScreen.storyboard */,
				707280142584C30A008897DC /* Info.plist */,
				7072800C2584C30A008897DC /* Tipsy.xcdatamodeld */,
			);
			path = Tipsy;
			sourceTree = "<group>";
		};
		7072801C2584C30B008897DC /* TipsyTests */ = {
			isa = PBXGroup;
			children = (
				7072801D2584C30B008897DC /* TipsyTests.swift */,
				7072801F2584C30B008897DC /* Info.plist */,
			);
			path = TipsyTests;
			sourceTree = "<group>";
		};
		707280272584C30B008897DC /* TipsyUITests */ = {
			isa = PBXGroup;
			children = (
				707280282584C30B008897DC /* TipsyUITests.swift */,
				7072802A2584C30B008897DC /* Info.plist */,
			);
			path = TipsyUITests;
			sourceTree = "<group>";
		};
/* End PBXGroup section */

/* Begin PBXNativeTarget section */
		70727FFF2584C30A008897DC /* Tipsy */ = {
			isa = PBXNativeTarget;
			buildConfigurationList = 7072802D2584C30B008897DC /* Build configuration list for PBXNativeTarget "Tipsy" */;
			buildPhases = (
				70727FFC2584C30A008897DC /* Sources */,
				70727FFD2584C30A008897DC /* Frameworks */,
				70727FFE2584C30A008897DC /* Resources */,
			);
			buildRules = (
			);
			dependencies = (
			);
			name = Tipsy;
			productName = Tipsy;
			productReference = 707280002584C30A008897DC /* Tipsy.app */;
			productType = "com.apple.product-type.application";
		};
		707280182584C30B008897DC /* TipsyTests */ = {
			isa = PBXNativeTarget;
			buildConfigurationList = 707280302584C30B008897DC /* Build configuration list for PBXNativeTarget "TipsyTests" */;
			buildPhases = (
				707280152584C30B008897DC /* Sources */,
				707280162584C30B008897DC /* Frameworks */,
				707280172584C30B008897DC /* Resources */,
			);
			buildRules = (
			);
			dependencies = (
				7072801B2584C30B008897DC /* PBXTargetDependency */,
			);
			name = TipsyTests;
			productName = TipsyTests;
			productReference = 707280192584C30B008897DC /* TipsyTests.xctest */;
			productType = "com.apple.product-type.bundle.unit-test";
		};
		707280232584C30B008897DC /* TipsyUITests */ = {
			isa = PBXNativeTarget;
			buildConfigurationList = 707280332584C30B008897DC /* Build configuration list for PBXNativeTarget "TipsyUITests" */;
			buildPhases = (
				707280202584C30B008897DC /* Sources */,
				707280212584C30B008897DC /* Frameworks */,
				707280222584C30B008897DC /* Resources */,
			);
			buildRules = (
			);
			dependencies = (
				707280262584C30B008897DC /* PBXTargetDependency */,
			);
			name = TipsyUITests;
			productName = TipsyUITests;
			productReference = 707280242584C30B008897DC /* TipsyUITests.xctest */;
			productType = "com.apple.product-type.bundle.ui-testing";
		};
/* End PBXNativeTarget section */

/* Begin PBXProject section */
		70727FF82584C30A008897DC /* Project object */ = {
			isa = PBXProject;
			attributes = {
				LastSwiftUpdateCheck = 1210;
				LastUpgradeCheck = 1210;
				TargetAttributes = {
					70727FFF2584C30A008897DC = {
						CreatedOnToolsVersion = 12.1;
					};
					707280182584C30B008897DC = {
						CreatedOnToolsVersion = 12.1;
						TestTargetID = 70727FFF2584C30A008897DC;
					};
					707280232584C30B008897DC = {
						CreatedOnToolsVersion = 12.1;
						TestTargetID = 70727FFF2584C30A008897DC;
					};
				};
			};
			buildConfigurationList = 70727FFB2584C30A008897DC /* Build configuration list for PBXProject "Tipsy" */;
			compatibilityVersion = "Xcode 9.3";
			developmentRegion = en;
			hasScannedForEncodings = 0;
			knownRegions = (
				en,
				Base,
			);
			mainGroup = 70727FF72584C30A008897DC;
			productRefGroup = 707280012584C30A008897DC /* Products */;
			projectDirPath = "";
			projectRoot = "";
			targets = (
				70727FFF2584C30A008897DC /* Tipsy */,
				707280182584C30B008897DC /* TipsyTests */,
				707280232584C30B008897DC /* TipsyUITests */,
			);
		};
/* End PBXProject section */

/* Begin PBXResourcesBuildPhase section */
		70727FFE2584C30A008897DC /* Resources */ = {
			isa = PBXResourcesBuildPhase;
			buildActionMask = 2147483647;
			files = (
				707280132584C30A008897DC /* LaunchScreen.storyboard in Resources */,
				707280102584C30A008897DC /* Assets.xcassets in Resources */,
				7072800B2584C30A008897DC /* Main.storyboard in Resources */,
			);
			runOnlyForDeploymentPostprocessing = 0;
		};
		707280172584C30B008897DC /* Resources */ = {
			isa = PBXResourcesBuildPhase;
			buildActionMask = 2147483647;
			files = (
			);
			runOnlyForDeploymentPostprocessing = 0;
		};
		707280222584C30B008897DC /* Resources */ = {
			isa = PBXResourcesBuildPhase;
			buildActionMask = 2147483647;
			files = (
			);
			runOnlyForDeploymentPostprocessing = 0;
		};
/* End PBXResourcesBuildPhase section */

/* Begin PBXSourcesBuildPhase section */
		70727FFC2584C30A008897DC /* Sources */ = {
			isa = PBXSourcesBuildPhase;
			buildActionMask = 2147483647;
			files = (
				707280082584C30A008897DC /* ViewController.swift in Sources */,
				707280042584C30A008897DC /* AppDelegate.swift in Sources */,
				707280062584C30A008897DC /* SceneDelegate.swift in Sources */,
				7072800E2584C30A008897DC /* Tipsy.xcdatamodeld in Sources */,
			);
			runOnlyForDeploymentPostprocessing = 0;
		};
		707280152584C30B008897DC /* Sources */ = {
			isa = PBXSourcesBuildPhase;
			buildActionMask = 2147483647;
			files = (
				7072801E2584C30B008897DC /* TipsyTests.swift in Sources */,
			);
			runOnlyForDeploymentPostprocessing = 0;
		};
		707280202584C30B008897DC /* Sources */ = {
			isa = PBXSourcesBuildPhase;
			buildActionMask = 2147483647;
			files = (
				707280292584C30B008897DC /* TipsyUITests.swift in Sources */,
			);
			runOnlyForDeploymentPostprocessing = 0;
		};
/* End PBXSourcesBuildPhase section */

/* Begin PBXTargetDependency section */
		7072801B2584C30B008897DC /* PBXTargetDependency */ = {
			isa = PBXTargetDependency;
			target = 70727FFF2584C30A008897DC /* Tipsy */;
			targetProxy = 7072801A2584C30B008897DC /* PBXContainerItemProxy */;
		};
		707280262584C30B008897DC /* PBXTargetDependency */ = {
			isa = PBXTargetDependency;
			target = 70727FFF2584C30A008897DC /* Tipsy */;
			targetProxy = 707280252584C30B008897DC /* PBXContainerItemProxy */;
		};
/* End PBXTargetDependency section */

/* Begin PBXVariantGroup section */
		707280092584C30A008897DC /* Main.storyboard */ = {
			isa = PBXVariantGroup;
			children = (
				7072800A2584C30A008897DC /* Base */,
			);
			name = Main.storyboard;
			sourceTree = "<group>";
		};
		707280112584C30A008897DC /* LaunchScreen.storyboard */ = {
			isa = PBXVariantGroup;
			children = (
				707280122584C30A008897DC /* Base */,
			);
			name = LaunchScreen.storyboard;
			sourceTree = "<group>";
		};
/* End PBXVariantGroup section */

/* Begin XCBuildConfiguration section */
		7072802B2584C30B008897DC /* Debug */ = {
			isa = XCBuildConfiguration;
			buildSettings = {
				ALWAYS_SEARCH_USER_PATHS = NO;
				CLANG_ANALYZER_NONNULL = YES;
				CLANG_ANALYZER_NUMBER_OBJECT_CONVERSION = YES_AGGRESSIVE;
				CLANG_CXX_LANGUAGE_STANDARD = "gnu++14";
				CLANG_CXX_LIBRARY = "libc++";
				CLANG_ENABLE_MODULES = YES;
				CLANG_ENABLE_OBJC_ARC = YES;
				CLANG_ENABLE_OBJC_WEAK = YES;
				CLANG_WARN_BLOCK_CAPTURE_AUTORELEASING = YES;
				CLANG_WARN_BOOL_CONVERSION = YES;
				CLANG_WARN_COMMA = YES;
				CLANG_WARN_CONSTANT_CONVERSION = YES;
				CLANG_WARN_DEPRECATED_OBJC_IMPLEMENTATIONS = YES;
				CLANG_WARN_DIRECT_OBJC_ISA_USAGE = YES_ERROR;
				CLANG_WARN_DOCUMENTATION_COMMENTS = YES;
				CLANG_WARN_EMPTY_BODY = YES;
				CLANG_WARN_ENUM_CONVERSION = YES;
				CLANG_WARN_INFINITE_RECURSION = YES;
				CLANG_WARN_INT_CONVERSION = YES;
				CLANG_WARN_NON_LITERAL_NULL_CONVERSION = YES;
				CLANG_WARN_OBJC_IMPLICIT_RETAIN_SELF = YES;
				CLANG_WARN_OBJC_LITERAL_CONVERSION = YES;
				CLANG_WARN_OBJC_ROOT_CLASS = YES_ERROR;
				CLANG_WARN_QUOTED_INCLUDE_IN_FRAMEWORK_HEADER = YES;
				CLANG_WARN_RANGE_LOOP_ANALYSIS = YES;
				CLANG_WARN_STRICT_PROTOTYPES = YES;
				CLANG_WARN_SUSPICIOUS_MOVE = YES;
				CLANG_WARN_UNGUARDED_AVAILABILITY = YES_AGGRESSIVE;
				CLANG_WARN_UNREACHABLE_CODE = YES;
				CLANG_WARN__DUPLICATE_METHOD_MATCH = YES;
				COPY_PHASE_STRIP = NO;
				DEBUG_INFORMATION_FORMAT = dwarf;
				ENABLE_STRICT_OBJC_MSGSEND = YES;
				ENABLE_TESTABILITY = YES;
				GCC_C_LANGUAGE_STANDARD = gnu11;
				GCC_DYNAMIC_NO_PIC = NO;
				GCC_NO_COMMON_BLOCKS = YES;
				GCC_OPTIMIZATION_LEVEL = 0;
				GCC_PREPROCESSOR_DEFINITIONS = (
					"DEBUG=1",
					"$(inherited)",
				);
				GCC_WARN_64_TO_32_BIT_CONVERSION = YES;
				GCC_WARN_ABOUT_RETURN_TYPE = YES_ERROR;
				GCC_WARN_UNDECLARED_SELECTOR = YES;
				GCC_WARN_UNINITIALIZED_AUTOS = YES_AGGRESSIVE;
				GCC_WARN_UNUSED_FUNCTION = YES;
				GCC_WARN_UNUSED_VARIABLE = YES;
				IPHONEOS_DEPLOYMENT_TARGET = 14.1;
				MTL_ENABLE_DEBUG_INFO = INCLUDE_SOURCE;
				MTL_FAST_MATH = YES;
				ONLY_ACTIVE_ARCH = YES;
				SDKROOT = iphoneos;
				SWIFT_ACTIVE_COMPILATION_CONDITIONS = DEBUG;
				SWIFT_OPTIMIZATION_LEVEL = "-Onone";
			};
			name = Debug;
		};
		7072802C2584C30B008897DC /* Release */ = {
			isa = XCBuildConfiguration;
			buildSettings = {
				ALWAYS_SEARCH_USER_PATHS = NO;
				CLANG_ANALYZER_NONNULL = YES;
				CLANG_ANALYZER_NUMBER_OBJECT_CONVERSION = YES_AGGRESSIVE;
				CLANG_CXX_LANGUAGE_STANDARD = "gnu++14";
				CLANG_CXX_LIBRARY = "libc++";
				CLANG_ENABLE_MODULES = YES;
				CLANG_ENABLE_OBJC_ARC = YES;
				CLANG_ENABLE_OBJC_WEAK = YES;
				CLANG_WARN_BLOCK_CAPTURE_AUTORELEASING = YES;
				CLANG_WARN_BOOL_CONVERSION = YES;
				CLANG_WARN_COMMA = YES;
				CLANG_WARN_CONSTANT_CONVERSION = YES;
				CLANG_WARN_DEPRECATED_OBJC_IMPLEMENTATIONS = YES;
				CLANG_WARN_DIRECT_OBJC_ISA_USAGE = YES_ERROR;
				CLANG_WARN_DOCUMENTATION_COMMENTS = YES;
				CLANG_WARN_EMPTY_BODY = YES;
				CLANG_WARN_ENUM_CONVERSION = YES;
				CLANG_WARN_INFINITE_RECURSION = YES;
				CLANG_WARN_INT_CONVERSION = YES;
				CLANG_WARN_NON_LITERAL_NULL_CONVERSION = YES;
				CLANG_WARN_OBJC_IMPLICIT_RETAIN_SELF = YES;
				CLANG_WARN_OBJC_LITERAL_CONVERSION = YES;
				CLANG_WARN_OBJC_ROOT_CLASS = YES_ERROR;
				CLANG_WARN_QUOTED_INCLUDE_IN_FRAMEWORK_HEADER = YES;
				CLANG_WARN_RANGE_LOOP_ANALYSIS = YES;
				CLANG_WARN_STRICT_PROTOTYPES = YES;
				CLANG_WARN_SUSPICIOUS_MOVE = YES;
				CLANG_WARN_UNGUARDED_AVAILABILITY = YES_AGGRESSIVE;
				CLANG_WARN_UNREACHABLE_CODE = YES;
				CLANG_WARN__DUPLICATE_METHOD_MATCH = YES;
				COPY_PHASE_STRIP = NO;
				DEBUG_INFORMATION_FORMAT = "dwarf-with-dsym";
				ENABLE_NS_ASSERTIONS = NO;
				ENABLE_STRICT_OBJC_MSGSEND = YES;
				GCC_C_LANGUAGE_STANDARD = gnu11;
				GCC_NO_COMMON_BLOCKS = YES;
				GCC_WARN_64_TO_32_BIT_CONVERSION = YES;
				GCC_WARN_ABOUT_RETURN_TYPE = YES_ERROR;
				GCC_WARN_UNDECLARED_SELECTOR = YES;
				GCC_WARN_UNINITIALIZED_AUTOS = YES_AGGRESSIVE;
				GCC_WARN_UNUSED_FUNCTION = YES;
				GCC_WARN_UNUSED_VARIABLE = YES;
				IPHONEOS_DEPLOYMENT_TARGET = 14.1;
				MTL_ENABLE_DEBUG_INFO = NO;
				MTL_FAST_MATH = YES;
				SDKROOT = iphoneos;
				SWIFT_COMPILATION_MODE = wholemodule;
				SWIFT_OPTIMIZATION_LEVEL = "-O";
				VALIDATE_PRODUCT = YES;
			};
			name = Release;
		};
		7072802E2584C30B008897DC /* Debug */ = {
			isa = XCBuildConfiguration;
			buildSettings = {
				ASSETCATALOG_COMPILER_APPICON_NAME = AppIcon;
				ASSETCATALOG_COMPILER_GLOBAL_ACCENT_COLOR_NAME = AccentColor;
				CODE_SIGN_STYLE = Automatic;
				DEVELOPMENT_TEAM = NASTCCUVNL;
				INFOPLIST_FILE = Tipsy/Info.plist;
				LD_RUNPATH_SEARCH_PATHS = (
					"$(inherited)",
					"@executable_path/Frameworks",
				);
				PRODUCT_BUNDLE_IDENTIFIER = com.David.Tipsy;
				PRODUCT_NAME = "$(TARGET_NAME)";
				SWIFT_VERSION = 5.0;
				TARGETED_DEVICE_FAMILY = "1,2";
			};
			name = Debug;
		};
		7072802F2584C30B008897DC /* Release */ = {
			isa = XCBuildConfiguration;
			buildSettings = {
				ASSETCATALOG_COMPILER_APPICON_NAME = AppIcon;
				ASSETCATALOG_COMPILER_GLOBAL_ACCENT_COLOR_NAME = AccentColor;
				CODE_SIGN_STYLE = Automatic;
				DEVELOPMENT_TEAM = NASTCCUVNL;
				INFOPLIST_FILE = Tipsy/Info.plist;
				LD_RUNPATH_SEARCH_PATHS = (
					"$(inherited)",
					"@executable_path/Frameworks",
				);
				PRODUCT_BUNDLE_IDENTIFIER = com.David.Tipsy;
				PRODUCT_NAME = "$(TARGET_NAME)";
				SWIFT_VERSION = 5.0;
				TARGETED_DEVICE_FAMILY = "1,2";
			};
			name = Release;
		};
		707280312584C30B008897DC /* Debug */ = {
			isa = XCBuildConfiguration;
			buildSettings = {
				ALWAYS_EMBED_SWIFT_STANDARD_LIBRARIES = YES;
				BUNDLE_LOADER = "$(TEST_HOST)";
				CODE_SIGN_STYLE = Automatic;
				DEVELOPMENT_TEAM = NASTCCUVNL;
				INFOPLIST_FILE = TipsyTests/Info.plist;
				IPHONEOS_DEPLOYMENT_TARGET = 14.1;
				LD_RUNPATH_SEARCH_PATHS = (
					"$(inherited)",
					"@executable_path/Frameworks",
					"@loader_path/Frameworks",
				);
				PRODUCT_BUNDLE_IDENTIFIER = com.David.TipsyTests;
				PRODUCT_NAME = "$(TARGET_NAME)";
				SWIFT_VERSION = 5.0;
				TARGETED_DEVICE_FAMILY = "1,2";
				TEST_HOST = "$(BUILT_PRODUCTS_DIR)/Tipsy.app/Tipsy";
			};
			name = Debug;
		};
		707280322584C30B008897DC /* Release */ = {
			isa = XCBuildConfiguration;
			buildSettings = {
				ALWAYS_EMBED_SWIFT_STANDARD_LIBRARIES = YES;
				BUNDLE_LOADER = "$(TEST_HOST)";
				CODE_SIGN_STYLE = Automatic;
				DEVELOPMENT_TEAM = NASTCCUVNL;
				INFOPLIST_FILE = TipsyTests/Info.plist;
				IPHONEOS_DEPLOYMENT_TARGET = 14.1;
				LD_RUNPATH_SEARCH_PATHS = (
					"$(inherited)",
					"@executable_path/Frameworks",
					"@loader_path/Frameworks",
				);
				PRODUCT_BUNDLE_IDENTIFIER = com.David.TipsyTests;
				PRODUCT_NAME = "$(TARGET_NAME)";
				SWIFT_VERSION = 5.0;
				TARGETED_DEVICE_FAMILY = "1,2";
				TEST_HOST = "$(BUILT_PRODUCTS_DIR)/Tipsy.app/Tipsy";
			};
			name = Release;
		};
		707280342584C30B008897DC /* Debug */ = {
			isa = XCBuildConfiguration;
			buildSettings = {
				ALWAYS_EMBED_SWIFT_STANDARD_LIBRARIES = YES;
				CODE_SIGN_STYLE = Automatic;
				DEVELOPMENT_TEAM = NASTCCUVNL;
				INFOPLIST_FILE = TipsyUITests/Info.plist;
				LD_RUNPATH_SEARCH_PATHS = (
					"$(inherited)",
					"@executable_path/Frameworks",
					"@loader_path/Frameworks",
				);
				PRODUCT_BUNDLE_IDENTIFIER = com.David.TipsyUITests;
				PRODUCT_NAME = "$(TARGET_NAME)";
				SWIFT_VERSION = 5.0;
				TARGETED_DEVICE_FAMILY = "1,2";
				TEST_TARGET_NAME = Tipsy;
			};
			name = Debug;
		};
		707280352584C30B008897DC /* Release */ = {
			isa = XCBuildConfiguration;
			buildSettings = {
				ALWAYS_EMBED_SWIFT_STANDARD_LIBRARIES = YES;
				CODE_SIGN_STYLE = Automatic;
				DEVELOPMENT_TEAM = NASTCCUVNL;
				INFOPLIST_FILE = TipsyUITests/Info.plist;
				LD_RUNPATH_SEARCH_PATHS = (
					"$(inherited)",
					"@executable_path/Frameworks",
					"@loader_path/Frameworks",
				);
				PRODUCT_BUNDLE_IDENTIFIER = com.David.TipsyUITests;
				PRODUCT_NAME = "$(TARGET_NAME)";
				SWIFT_VERSION = 5.0;
				TARGETED_DEVICE_FAMILY = "1,2";
				TEST_TARGET_NAME = Tipsy;
			};
			name = Release;
		};
/* End XCBuildConfiguration section */

/* Begin XCConfigurationList section */
		70727FFB2584C30A008897DC /* Build configuration list for PBXProject "Tipsy" */ = {
			isa = XCConfigurationList;
			buildConfigurations = (
				7072802B2584C30B008897DC /* Debug */,
				7072802C2584C30B008897DC /* Release */,
			);
			defaultConfigurationIsVisible = 0;
			defaultConfigurationName = Release;
		};
		7072802D2584C30B008897DC /* Build configuration list for PBXNativeTarget "Tipsy" */ = {
			isa = XCConfigurationList;
			buildConfigurations = (
				7072802E2584C30B008897DC /* Debug */,
				7072802F2584C30B008897DC /* Release */,
			);
			defaultConfigurationIsVisible = 0;
			defaultConfigurationName = Release;
		};
		707280302584C30B008897DC /* Build configuration list for PBXNativeTarget "TipsyTests" */ = {
			isa = XCConfigurationList;
			buildConfigurations = (
				707280312584C30B008897DC /* Debug */,
				707280322584C30B008897DC /* Release */,
			);
			defaultConfigurationIsVisible = 0;
			defaultConfigurationName = Release;
		};
		707280332584C30B008897DC /* Build configuration list for PBXNativeTarget "TipsyUITests" */ = {
			isa = XCConfigurationList;
			buildConfigurations = (
				707280342584C30B008897DC /* Debug */,
				707280352584C30B008897DC /* Release */,
			);
			defaultConfigurationIsVisible = 0;
			defaultConfigurationName = Release;
		};
/* End XCConfigurationList section */

/* Begin XCVersionGroup section */
		7072800C2584C30A008897DC /* Tipsy.xcdatamodeld */ = {
			isa = XCVersionGroup;
			children = (
				7072800D2584C30A008897DC /* Tipsy.xcdatamodel */,
			);
			currentVersion = 7072800D2584C30A008897DC /* Tipsy.xcdatamodel */;
			path = Tipsy.xcdatamodeld;
			sourceTree = "<group>";
			versionGroupType = wrapper.xcdatamodel;
		};
/* End XCVersionGroup section */
	};
	rootObject = 70727FF82584C30A008897DC /* Project object */;
}
